
Microsoft Visual Studio Solution File, Format Version 12.00
# Visual Studio Version 17
VisualStudioVersion = 17.5.002.0
MinimumVisualStudioVersion = 10.0.40219.1
Project("{9A19103F-16F7-4668-BE54-9A1E7A4F7556}") = "rollspel_0.2", "rollspel_0.2.csproj", "{67353EDC-9012-438F-94AB-A5A40A06A9B4}"
EndProject
Global
	GlobalSection(SolutionConfigurationPlatforms) = preSolution
		Debug|Any CPU = Debug|Any CPU
		Release|Any CPU = Release|Any CPU
	EndGlobalSection
	GlobalSection(ProjectConfigurationPlatforms) = postSolution
		{67353EDC-9012-438F-94AB-A5A40A06A9B4}.Debug|Any CPU.ActiveCfg = Debug|Any CPU
		{67353EDC-9012-438F-94AB-A5A40A06A9B4}.Debug|Any CPU.Build.0 = Debug|Any CPU
		{67353EDC-9012-438F-94AB-A5A40A06A9B4}.Release|Any CPU.ActiveCfg = Release|Any CPU
		{67353EDC-9012-438F-94AB-A5A40A06A9B4}.Release|Any CPU.Build.0 = Release|Any CPU
	EndGlobalSection
	GlobalSection(SolutionProperties) = preSolution
		HideSolutionNode = FALSE
	EndGlobalSection
	GlobalSection(ExtensibilityGlobals) = postSolution
		SolutionGuid = {293F79FE-4B7B-4F87-9402-E267B65F7AAD}
	EndGlobalSection
EndGlobal
